
Microsoft Visual Studio Solution File, Format Version 12.00
# Visual Studio 15
VisualStudioVersion = 15.0.28307.102
MinimumVisualStudioVersion = 10.0.40219.1
Project("{9A19103F-16F7-4668-BE54-9A1E7A4F7556}") = "Shop.WebUI", "Shop.WebUI\Shop.WebUI.csproj", "{D5176F4C-D4F5-4280-BF04-0D21E3A875E2}"
EndProject
Project("{9A19103F-16F7-4668-BE54-9A1E7A4F7556}") = "Shop.Entity", "Shop.Entity\Shop.Entity.csproj", "{5B884B99-0C09-4743-B37F-E46E12ECE79E}"
EndProject
Project("{9A19103F-16F7-4668-BE54-9A1E7A4F7556}") = "Shop.DataAccess", "Shop.DataAccess\Shop.DataAccess.csproj", "{B85BA39C-B112-45EF-A27D-98BF39433B8B}"
EndProject
Project("{9A19103F-16F7-4668-BE54-9A1E7A4F7556}") = "Shop.Business", "Shop.Business\Shop.Business.csproj", "{1BF48F1B-9E91-49F1-9F94-4F9139FE100A}"
EndProject
Project("{FAE04EC0-301F-11D3-BF4B-00C04F79EFBC}") = "Shop.Core", "Shop.Core\Shop.Core.csproj", "{985FA63D-6503-4D56-AFB7-22FE3ED8F242}"
EndProject
Global
	GlobalSection(SolutionConfigurationPlatforms) = preSolution
		Debug|Any CPU = Debug|Any CPU
		Release|Any CPU = Release|Any CPU
	EndGlobalSection
	GlobalSection(ProjectConfigurationPlatforms) = postSolution
		{D5176F4C-D4F5-4280-BF04-0D21E3A875E2}.Debug|Any CPU.ActiveCfg = Debug|Any CPU
		{D5176F4C-D4F5-4280-BF04-0D21E3A875E2}.Debug|Any CPU.Build.0 = Debug|Any CPU
		{D5176F4C-D4F5-4280-BF04-0D21E3A875E2}.Release|Any CPU.ActiveCfg = Release|Any CPU
		{D5176F4C-D4F5-4280-BF04-0D21E3A875E2}.Release|Any CPU.Build.0 = Release|Any CPU
		{5B884B99-0C09-4743-B37F-E46E12ECE79E}.Debug|Any CPU.ActiveCfg = Debug|Any CPU
		{5B884B99-0C09-4743-B37F-E46E12ECE79E}.Debug|Any CPU.Build.0 = Debug|Any CPU
		{5B884B99-0C09-4743-B37F-E46E12ECE79E}.Release|Any CPU.ActiveCfg = Release|Any CPU
		{5B884B99-0C09-4743-B37F-E46E12ECE79E}.Release|Any CPU.Build.0 = Release|Any CPU
		{B85BA39C-B112-45EF-A27D-98BF39433B8B}.Debug|Any CPU.ActiveCfg = Debug|Any CPU
		{B85BA39C-B112-45EF-A27D-98BF39433B8B}.Debug|Any CPU.Build.0 = Debug|Any CPU
		{B85BA39C-B112-45EF-A27D-98BF39433B8B}.Release|Any CPU.ActiveCfg = Release|Any CPU
		{B85BA39C-B112-45EF-A27D-98BF39433B8B}.Release|Any CPU.Build.0 = Release|Any CPU
		{1BF48F1B-9E91-49F1-9F94-4F9139FE100A}.Debug|Any CPU.ActiveCfg = Debug|Any CPU
		{1BF48F1B-9E91-49F1-9F94-4F9139FE100A}.Debug|Any CPU.Build.0 = Debug|Any CPU
		{1BF48F1B-9E91-49F1-9F94-4F9139FE100A}.Release|Any CPU.ActiveCfg = Release|Any CPU
		{1BF48F1B-9E91-49F1-9F94-4F9139FE100A}.Release|Any CPU.Build.0 = Release|Any CPU
		{985FA63D-6503-4D56-AFB7-22FE3ED8F242}.Debug|Any CPU.ActiveCfg = Debug|Any CPU
		{985FA63D-6503-4D56-AFB7-22FE3ED8F242}.Debug|Any CPU.Build.0 = Debug|Any CPU
		{985FA63D-6503-4D56-AFB7-22FE3ED8F242}.Release|Any CPU.ActiveCfg = Release|Any CPU
		{985FA63D-6503-4D56-AFB7-22FE3ED8F242}.Release|Any CPU.Build.0 = Release|Any CPU
	EndGlobalSection
	GlobalSection(SolutionProperties) = preSolution
		HideSolutionNode = FALSE
	EndGlobalSection
	GlobalSection(ExtensibilityGlobals) = postSolution
		SolutionGuid = {C10E5F2E-4B02-43AB-B787-AA41F3C6DF70}
	EndGlobalSection
EndGlobal
